
Microsoft Visual Studio Solution File, Format Version 12.00
# Visual Studio 15
VisualStudioVersion = 15.0.28307.572
MinimumVisualStudioVersion = 10.0.40219.1
Project("{FAE04EC0-301F-11D3-BF4B-00C04F79EFBC}") = "RegulatoryPlan", "WindowsFormsApp1\RegulatoryPlan.csproj", "{06661B30-3644-42DF-8E4C-FF8BD47C3BEA}"
EndProject
Project("{FAE04EC0-301F-11D3-BF4B-00C04F79EFBC}") = "RegulatoryPost", "RegulatoryPost\RegulatoryPost.csproj", "{143CB076-871D-4D20-9896-397389D3C6F8}"
EndProject
Project("{FAE04EC0-301F-11D3-BF4B-00C04F79EFBC}") = "RegulatoryModel", "RegulatoryModel\RegulatoryModel.csproj", "{2386EE5C-509E-4ECE-83D5-7C3C7D244FA6}"
EndProject
Project("{FAE04EC0-301F-11D3-BF4B-00C04F79EFBC}") = "CustomScrollbar", "CustomScrollBar\CustomScrollbar.csproj", "{EC86CB4A-5BB1-4402-951A-0EB831753EB5}"
EndProject
Global
	GlobalSection(SolutionConfigurationPlatforms) = preSolution
		Debug|Any CPU = Debug|Any CPU
		Debug|x64 = Debug|x64
		Release|Any CPU = Release|Any CPU
		Release|x64 = Release|x64
	EndGlobalSection
	GlobalSection(ProjectConfigurationPlatforms) = postSolution
		{06661B30-3644-42DF-8E4C-FF8BD47C3BEA}.Debug|Any CPU.ActiveCfg = Debug|Any CPU
		{06661B30-3644-42DF-8E4C-FF8BD47C3BEA}.Debug|Any CPU.Build.0 = Debug|Any CPU
		{06661B30-3644-42DF-8E4C-FF8BD47C3BEA}.Debug|x64.ActiveCfg = Debug|x64
		{06661B30-3644-42DF-8E4C-FF8BD47C3BEA}.Debug|x64.Build.0 = Debug|x64
		{06661B30-3644-42DF-8E4C-FF8BD47C3BEA}.Release|Any CPU.ActiveCfg = Release|Any CPU
		{06661B30-3644-42DF-8E4C-FF8BD47C3BEA}.Release|Any CPU.Build.0 = Release|Any CPU
		{06661B30-3644-42DF-8E4C-FF8BD47C3BEA}.Release|x64.ActiveCfg = Release|x64
		{06661B30-3644-42DF-8E4C-FF8BD47C3BEA}.Release|x64.Build.0 = Release|x64
		{143CB076-871D-4D20-9896-397389D3C6F8}.Debug|Any CPU.ActiveCfg = Debug|Any CPU
		{143CB076-871D-4D20-9896-397389D3C6F8}.Debug|Any CPU.Build.0 = Debug|Any CPU
		{143CB076-871D-4D20-9896-397389D3C6F8}.Debug|x64.ActiveCfg = Debug|Any CPU
		{143CB076-871D-4D20-9896-397389D3C6F8}.Debug|x64.Build.0 = Debug|Any CPU
		{143CB076-871D-4D20-9896-397389D3C6F8}.Release|Any CPU.ActiveCfg = Release|Any CPU
		{143CB076-871D-4D20-9896-397389D3C6F8}.Release|Any CPU.Build.0 = Release|Any CPU
		{143CB076-871D-4D20-9896-397389D3C6F8}.Release|x64.ActiveCfg = Release|Any CPU
		{143CB076-871D-4D20-9896-397389D3C6F8}.Release|x64.Build.0 = Release|Any CPU
		{2386EE5C-509E-4ECE-83D5-7C3C7D244FA6}.Debug|Any CPU.ActiveCfg = Debug|Any CPU
		{2386EE5C-509E-4ECE-83D5-7C3C7D244FA6}.Debug|Any CPU.Build.0 = Debug|Any CPU
		{2386EE5C-509E-4ECE-83D5-7C3C7D244FA6}.Debug|x64.ActiveCfg = Debug|Any CPU
		{2386EE5C-509E-4ECE-83D5-7C3C7D244FA6}.Debug|x64.Build.0 = Debug|Any CPU
		{2386EE5C-509E-4ECE-83D5-7C3C7D244FA6}.Release|Any CPU.ActiveCfg = Release|Any CPU
		{2386EE5C-509E-4ECE-83D5-7C3C7D244FA6}.Release|Any CPU.Build.0 = Release|Any CPU
		{2386EE5C-509E-4ECE-83D5-7C3C7D244FA6}.Release|x64.ActiveCfg = Release|Any CPU
		{2386EE5C-509E-4ECE-83D5-7C3C7D244FA6}.Release|x64.Build.0 = Release|Any CPU
		{EC86CB4A-5BB1-4402-951A-0EB831753EB5}.Debug|Any CPU.ActiveCfg = Debug|Any CPU
		{EC86CB4A-5BB1-4402-951A-0EB831753EB5}.Debug|Any CPU.Build.0 = Debug|Any CPU
		{EC86CB4A-5BB1-4402-951A-0EB831753EB5}.Debug|x64.ActiveCfg = Debug|Any CPU
		{EC86CB4A-5BB1-4402-951A-0EB831753EB5}.Debug|x64.Build.0 = Debug|Any CPU
		{EC86CB4A-5BB1-4402-951A-0EB831753EB5}.Release|Any CPU.ActiveCfg = Release|Any CPU
		{EC86CB4A-5BB1-4402-951A-0EB831753EB5}.Release|Any CPU.Build.0 = Release|Any CPU
		{EC86CB4A-5BB1-4402-951A-0EB831753EB5}.Release|x64.ActiveCfg = Release|Any CPU
		{EC86CB4A-5BB1-4402-951A-0EB831753EB5}.Release|x64.Build.0 = Release|Any CPU
	EndGlobalSection
	GlobalSection(SolutionProperties) = preSolution
		HideSolutionNode = FALSE
	EndGlobalSection
	GlobalSection(ExtensibilityGlobals) = postSolution
		SolutionGuid = {BBB6281C-FCBF-471C-9E0A-5C787B1C7DAD}
	EndGlobalSection
EndGlobal
